<Solution>
  <Folder Name="/src/">
    <Project Path="src/GestionInterventions.Api/GestionInterventions.Api.csproj" />
    <Project Path="src/GestionInterventions.Domain/GestionInterventions.Domain.csproj" />
  </Folder>
<Project Path="tests/GestionInterventionsDemo.E2ETests/GestionInterventionsDemo.E2ETests.csproj" /><Project Path="tests/GestionInterventionsDemo.IntegrationTests/GestionInterventionsDemo.IntegrationTests.csproj" /><Project Path="tests/GestionInterventionsDemo.UnitTests/GestionInterventionsDemo.UnitTests.csproj" /></Solution>

